
Microsoft Visual Studio Solution File, Format Version 12.00
# Visual Studio Version 17
VisualStudioVersion = 17.0.31903.59
MinimumVisualStudioVersion = 10.0.40219.1
Project("{FAE04EC0-301F-11D3-BF4B-00C04F79EFBC}") = "EMAP.Web", "EMAP.Web\EMAP.Web.csproj", "{B39825FE-7390-43F5-AB84-FA6E92587037}"
EndProject
Project("{FAE04EC0-301F-11D3-BF4B-00C04F79EFBC}") = "EMAP.Domain", "EMAP.Domain\EMAP.Domain.csproj", "{796DF10C-D680-40AB-ACDD-23C6CE2F111F}"
EndProject
Project("{FAE04EC0-301F-11D3-BF4B-00C04F79EFBC}") = "EMAP.Infrastructure", "EMAP.Infrastructure\EMAP.Infrastructure.csproj", "{05E2CBE4-8E14-475A-92E1-3F8612C6B146}"
EndProject
Project("{2150E333-8FDC-42A3-9474-1A3956D46DE8}") = "Solution Items", "Solution Items", "{8EC462FD-D22E-90A8-E5CE-7E832BA40C5D}"
	ProjectSection(SolutionItems) = preProject
		.gitignore = .gitignore
	EndProjectSection
EndProject
Global
	GlobalSection(SolutionConfigurationPlatforms) = preSolution
		Debug|Any CPU = Debug|Any CPU
		Debug|x64 = Debug|x64
		Debug|x86 = Debug|x86
		Release|Any CPU = Release|Any CPU
		Release|x64 = Release|x64
		Release|x86 = Release|x86
	EndGlobalSection
	GlobalSection(ProjectConfigurationPlatforms) = postSolution
		{B39825FE-7390-43F5-AB84-FA6E92587037}.Debug|Any CPU.ActiveCfg = Debug|Any CPU
		{B39825FE-7390-43F5-AB84-FA6E92587037}.Debug|Any CPU.Build.0 = Debug|Any CPU
		{B39825FE-7390-43F5-AB84-FA6E92587037}.Debug|x64.ActiveCfg = Debug|Any CPU
		{B39825FE-7390-43F5-AB84-FA6E92587037}.Debug|x64.Build.0 = Debug|Any CPU
		{B39825FE-7390-43F5-AB84-FA6E92587037}.Debug|x86.ActiveCfg = Debug|Any CPU
		{B39825FE-7390-43F5-AB84-FA6E92587037}.Debug|x86.Build.0 = Debug|Any CPU
		{B39825FE-7390-43F5-AB84-FA6E92587037}.Release|Any CPU.ActiveCfg = Release|Any CPU
		{B39825FE-7390-43F5-AB84-FA6E92587037}.Release|Any CPU.Build.0 = Release|Any CPU
		{B39825FE-7390-43F5-AB84-FA6E92587037}.Release|x64.ActiveCfg = Release|Any CPU
		{B39825FE-7390-43F5-AB84-FA6E92587037}.Release|x64.Build.0 = Release|Any CPU
		{B39825FE-7390-43F5-AB84-FA6E92587037}.Release|x86.ActiveCfg = Release|Any CPU
		{B39825FE-7390-43F5-AB84-FA6E92587037}.Release|x86.Build.0 = Release|Any CPU
		{796DF10C-D680-40AB-ACDD-23C6CE2F111F}.Debug|Any CPU.ActiveCfg = Debug|Any CPU
		{796DF10C-D680-40AB-ACDD-23C6CE2F111F}.Debug|Any CPU.Build.0 = Debug|Any CPU
		{796DF10C-D680-40AB-ACDD-23C6CE2F111F}.Debug|x64.ActiveCfg = Debug|Any CPU
		{796DF10C-D680-40AB-ACDD-23C6CE2F111F}.Debug|x64.Build.0 = Debug|Any CPU
		{796DF10C-D680-40AB-ACDD-23C6CE2F111F}.Debug|x86.ActiveCfg = Debug|Any CPU
		{796DF10C-D680-40AB-ACDD-23C6CE2F111F}.Debug|x86.Build.0 = Debug|Any CPU
		{796DF10C-D680-40AB-ACDD-23C6CE2F111F}.Release|Any CPU.ActiveCfg = Release|Any CPU
		{796DF10C-D680-40AB-ACDD-23C6CE2F111F}.Release|Any CPU.Build.0 = Release|Any CPU
		{796DF10C-D680-40AB-ACDD-23C6CE2F111F}.Release|x64.ActiveCfg = Release|Any CPU
		{796DF10C-D680-40AB-ACDD-23C6CE2F111F}.Release|x64.Build.0 = Release|Any CPU
		{796DF10C-D680-40AB-ACDD-23C6CE2F111F}.Release|x86.ActiveCfg = Release|Any CPU
		{796DF10C-D680-40AB-ACDD-23C6CE2F111F}.Release|x86.Build.0 = Release|Any CPU
		{05E2CBE4-8E14-475A-92E1-3F8612C6B146}.Debug|Any CPU.ActiveCfg = Debug|Any CPU
		{05E2CBE4-8E14-475A-92E1-3F8612C6B146}.Debug|Any CPU.Build.0 = Debug|Any CPU
		{05E2CBE4-8E14-475A-92E1-3F8612C6B146}.Debug|x64.ActiveCfg = Debug|Any CPU
		{05E2CBE4-8E14-475A-92E1-3F8612C6B146}.Debug|x64.Build.0 = Debug|Any CPU
		{05E2CBE4-8E14-475A-92E1-3F8612C6B146}.Debug|x86.ActiveCfg = Debug|Any CPU
		{05E2CBE4-8E14-475A-92E1-3F8612C6B146}.Debug|x86.Build.0 = Debug|Any CPU
		{05E2CBE4-8E14-475A-92E1-3F8612C6B146}.Release|Any CPU.ActiveCfg = Release|Any CPU
		{05E2CBE4-8E14-475A-92E1-3F8612C6B146}.Release|Any CPU.Build.0 = Release|Any CPU
		{05E2CBE4-8E14-475A-92E1-3F8612C6B146}.Release|x64.ActiveCfg = Release|Any CPU
		{05E2CBE4-8E14-475A-92E1-3F8612C6B146}.Release|x64.Build.0 = Release|Any CPU
		{05E2CBE4-8E14-475A-92E1-3F8612C6B146}.Release|x86.ActiveCfg = Release|Any CPU
		{05E2CBE4-8E14-475A-92E1-3F8612C6B146}.Release|x86.Build.0 = Release|Any CPU
	EndGlobalSection
	GlobalSection(SolutionProperties) = preSolution
		HideSolutionNode = FALSE
	EndGlobalSection
	GlobalSection(ExtensibilityGlobals) = postSolution
		SolutionGuid = {CA6A44CA-ECF5-42F7-ADED-C0C8B41E01AF}
	EndGlobalSection
EndGlobal
